lockfileVersion: '9.0'

settings:
  autoInstallPeers: true
  excludeLinksFromLockfile: false

importers:

  .:
    dependencies:
      '@anthropic-ai/sdk':
        specifier: ^0.18.0
        version: 0.18.0
      '@google-cloud/speech':
        specifier: ^6.7.1
        version: 6.7.1
      '@google-cloud/vision':
        specifier: ^4.3.3
        version: 4.3.3
      cors:
        specifier: ^2.8.5
        version: 2.8.5
      express:
        specifier: ^4.22.1
        version: 4.22.1
      multer:
        specifier: ^1.4.5-lts.2
        version: 1.4.5-lts.2
      node-cache:
        specifier: ^5.1.2
        version: 5.1.2
      sharp:
        specifier: ^0.33.5
        version: 0.33.5
      uuid:
        specifier: ^9.0.1
        version: 9.0.1

packages: {}
